
Microsoft Visual Studio Solution File, Format Version 12.00
# Visual Studio Version 17
VisualStudioVersion = 17.0.31903.59
MinimumVisualStudioVersion = 10.0.40219.1
Project("{FAE04EC0-301F-11D3-BF4B-00C04F79EFBC}") = "API", "API\API.csproj", "{3D4B3880-5AA0-4CFE-BED7-5971EBCF0453}"
EndProject
Project("{FAE04EC0-301F-11D3-BF4B-00C04F79EFBC}") = "Application", "Application\Application.csproj", "{6BE30F90-6262-4755-A923-F8CDC393CB85}"
EndProject
Project("{FAE04EC0-301F-11D3-BF4B-00C04F79EFBC}") = "Domain", "Domain\Domain.csproj", "{1DAA543C-92CD-458F-A2DC-79BCB694DAE3}"
EndProject
Project("{FAE04EC0-301F-11D3-BF4B-00C04F79EFBC}") = "Persistence", "Persistence\Persistence.csproj", "{49241231-5CDF-4A3C-8B7C-C8C1780DFA3D}"
EndProject
Global
	GlobalSection(SolutionConfigurationPlatforms) = preSolution
		Debug|Any CPU = Debug|Any CPU
		Release|Any CPU = Release|Any CPU
	EndGlobalSection
	GlobalSection(SolutionProperties) = preSolution
		HideSolutionNode = FALSE
	EndGlobalSection
	GlobalSection(ProjectConfigurationPlatforms) = postSolution
		{3D4B3880-5AA0-4CFE-BED7-5971EBCF0453}.Debug|Any CPU.ActiveCfg = Debug|Any CPU
		{3D4B3880-5AA0-4CFE-BED7-5971EBCF0453}.Debug|Any CPU.Build.0 = Debug|Any CPU
		{3D4B3880-5AA0-4CFE-BED7-5971EBCF0453}.Release|Any CPU.ActiveCfg = Release|Any CPU
		{3D4B3880-5AA0-4CFE-BED7-5971EBCF0453}.Release|Any CPU.Build.0 = Release|Any CPU
		{6BE30F90-6262-4755-A923-F8CDC393CB85}.Debug|Any CPU.ActiveCfg = Debug|Any CPU
		{6BE30F90-6262-4755-A923-F8CDC393CB85}.Debug|Any CPU.Build.0 = Debug|Any CPU
		{6BE30F90-6262-4755-A923-F8CDC393CB85}.Release|Any CPU.ActiveCfg = Release|Any CPU
		{6BE30F90-6262-4755-A923-F8CDC393CB85}.Release|Any CPU.Build.0 = Release|Any CPU
		{1DAA543C-92CD-458F-A2DC-79BCB694DAE3}.Debug|Any CPU.ActiveCfg = Debug|Any CPU
		{1DAA543C-92CD-458F-A2DC-79BCB694DAE3}.Debug|Any CPU.Build.0 = Debug|Any CPU
		{1DAA543C-92CD-458F-A2DC-79BCB694DAE3}.Release|Any CPU.ActiveCfg = Release|Any CPU
		{1DAA543C-92CD-458F-A2DC-79BCB694DAE3}.Release|Any CPU.Build.0 = Release|Any CPU
		{49241231-5CDF-4A3C-8B7C-C8C1780DFA3D}.Debug|Any CPU.ActiveCfg = Debug|Any CPU
		{49241231-5CDF-4A3C-8B7C-C8C1780DFA3D}.Debug|Any CPU.Build.0 = Debug|Any CPU
		{49241231-5CDF-4A3C-8B7C-C8C1780DFA3D}.Release|Any CPU.ActiveCfg = Release|Any CPU
		{49241231-5CDF-4A3C-8B7C-C8C1780DFA3D}.Release|Any CPU.Build.0 = Release|Any CPU
	EndGlobalSection
EndGlobal
